Microsoft Visual Studio Solution File, Format Version 11.00
# Visual Studio 2008

Project("{51EC4F93-5139-DFD4-9217-C7C0A5717E28}") = "Boogled", "Assembly-CSharp.csproj", "{A1734CAB-9FD3-9FAC-4413-5AF4427966DC}"
EndProject
Global
	GlobalSection(SolutionConfigurationPlatforms) = preSolution
		Debug|Any CPU = Debug|Any CPU
		Release|Any CPU = Release|Any CPU
	EndGlobalSection
	GlobalSection(ProjectConfigurationPlatforms) = postSolution
		{A1734CAB-9FD3-9FAC-4413-5AF4427966DC}.Debug|Any CPU.ActiveCfg = Debug|Any CPU
		{A1734CAB-9FD3-9FAC-4413-5AF4427966DC}.Debug|Any CPU.Build.0 = Debug|Any CPU
		{A1734CAB-9FD3-9FAC-4413-5AF4427966DC}.Release|Any CPU.ActiveCfg = Release|Any CPU
		{A1734CAB-9FD3-9FAC-4413-5AF4427966DC}.Release|Any CPU.Build.0 = Release|Any CPU
	EndGlobalSection
	GlobalSection(SolutionProperties) = preSolution
		HideSolutionNode = FALSE
	EndGlobalSection
	GlobalSection(MonoDevelopProperties) = preSolution
		StartupItem = Assembly-CSharp.csproj
	EndGlobalSection
EndGlobal
